
Microsoft Visual Studio Solution File, Format Version 12.00
# Visual Studio Version 16
VisualStudioVersion = 16.0.30621.155
MinimumVisualStudioVersion = 10.0.40219.1
Project("{FAE04EC0-301F-11D3-BF4B-00C04F79EFBC}") = "DeepLearning_ImageClassification_Binary", "DeepLearning_ImageClassification_Binary\DeepLearning_ImageClassification_Binary.csproj", "{6498BD8A-2AFE-46AB-A4CE-A99A520B8AA7}"
EndProject
Global
	GlobalSection(SolutionConfigurationPlatforms) = preSolution
		Debug|Any CPU = Debug|Any CPU
		Release|Any CPU = Release|Any CPU
	EndGlobalSection
	GlobalSection(ProjectConfigurationPlatforms) = postSolution
		{6498BD8A-2AFE-46AB-A4CE-A99A520B8AA7}.Debug|Any CPU.ActiveCfg = Debug|Any CPU
		{6498BD8A-2AFE-46AB-A4CE-A99A520B8AA7}.Debug|Any CPU.Build.0 = Debug|Any CPU
		{6498BD8A-2AFE-46AB-A4CE-A99A520B8AA7}.Release|Any CPU.ActiveCfg = Release|Any CPU
		{6498BD8A-2AFE-46AB-A4CE-A99A520B8AA7}.Release|Any CPU.Build.0 = Release|Any CPU
	EndGlobalSection
	GlobalSection(SolutionProperties) = preSolution
		HideSolutionNode = FALSE
	EndGlobalSection
	GlobalSection(ExtensibilityGlobals) = postSolution
		SolutionGuid = {A58A039A-1B6E-4C78-A60B-9C1B375CC250}
	EndGlobalSection
EndGlobal
